
Microsoft Visual Studio Solution File, Format Version 12.00
# Visual Studio Version 17
VisualStudioVersion = 17.7.34202.233
MinimumVisualStudioVersion = 10.0.40219.1
Project("{FAE04EC0-301F-11D3-BF4B-00C04F79EFBC}") = "LoginPageType1_Demo", "LoginPageType1_Demo.csproj", "{B725908B-0053-44E9-8101-3762F20A3048}"
EndProject
Global
	GlobalSection(SolutionConfigurationPlatforms) = preSolution
		Debug|Any CPU = Debug|Any CPU
		Release|Any CPU = Release|Any CPU
	EndGlobalSection
	GlobalSection(ProjectConfigurationPlatforms) = postSolution
		{B725908B-0053-44E9-8101-3762F20A3048}.Debug|Any CPU.ActiveCfg = Debug|Any CPU
		{B725908B-0053-44E9-8101-3762F20A3048}.Debug|Any CPU.Build.0 = Debug|Any CPU
		{B725908B-0053-44E9-8101-3762F20A3048}.Release|Any CPU.ActiveCfg = Release|Any CPU
		{B725908B-0053-44E9-8101-3762F20A3048}.Release|Any CPU.Build.0 = Release|Any CPU
	EndGlobalSection
	GlobalSection(SolutionProperties) = preSolution
		HideSolutionNode = FALSE
	EndGlobalSection
	GlobalSection(ExtensibilityGlobals) = postSolution
		SolutionGuid = {4F9B413D-146B-4E1E-B7B8-F1AA70898BC5}
	EndGlobalSection
EndGlobal
